# THIS IS AN AUTOGENERATED FILE. DO NOT EDIT THIS FILE DIRECTLY.
# yarn lockfile v1


"@lit-labs/ssr-dom-shim@^1.0.0", "@lit-labs/ssr-dom-shim@^1.1.0":
  version "1.1.1"
  resolved "https://registry.yarnpkg.com/@lit-labs/ssr-dom-shim/-/ssr-dom-shim-1.1.1.tgz#64df34e2f12e68e78ac57e571d25ec07fa460ca9"
  integrity sha512-kXOeFbfCm4fFf2A3WwVEeQj55tMZa8c8/f9AKHMobQMkzNUfUj+antR3fRPaZJawsa1aZiP/Da3ndpZrwEe4rQ==

"@lit/reactive-element@^1.3.0", "@lit/reactive-element@^1.6.0":
  version "1.6.1"
  resolved "https://registry.yarnpkg.com/@lit/reactive-element/-/reactive-element-1.6.1.tgz#0d958b6d479d0e3db5fc1132ecc4fa84be3f0b93"
  integrity sha512-va15kYZr7KZNNPZdxONGQzpUr+4sxVu7V/VG7a8mRfPPXUyhEYj5RzXCQmGrlP3tAh0L3HHm5AjBMFYRqlM9SA==
  dependencies:
    "@lit-labs/ssr-dom-shim" "^1.0.0"

"@material/animation@12.0.0-canary.197f64fa2.0":
  version "12.0.0-canary.197f64fa2.0"
  resolved "https://registry.yarnpkg.com/@material/animation/-/animation-12.0.0-canary.197f64fa2.0.tgz#c0ca581618320b52ab002c4c93020058d3b36a7b"
  integrity sha512-SMkEHENcSy8jYYPg+ZmMGvI5YobU5FlYw0MPsg/RUxBdelt9OMQYELgJW3y7RrppF/tpJoZuYnZwyeUJc4OhLQ==
  dependencies:
    tslib "^2.1.0"

"@material/animation@12.0.0-canary.22d29cbb4.0":
  version "12.0.0-canary.22d29cbb4.0"
  resolved "https://registry.yarnpkg.com/@material/animation/-/animation-12.0.0-canary.22d29cbb4.0.tgz#662314409f968aa14156a87284d1f49a098880be"
  integrity sha512-R1QbY4fC6RBOoi4Dq/3yuD5OK0ts02WxGt1JXaddsdnO6szZJcfXm2aiCweU1GUpchoah+YzDBJrsmSoqFCKIg==
  dependencies:
    tslib "^2.1.0"

"@material/base@12.0.0-canary.197f64fa2.0", "@material/base@=12.0.0-canary.197f64fa2.0":
  version "12.0.0-canary.197f64fa2.0"
  resolved "https://registry.yarnpkg.com/@material/base/-/base-12.0.0-canary.197f64fa2.0.tgz#142c079b72005419d5aa0b499b4acd35c2c564e3"
  integrity sha512-aMPQ4eM95ZQDY53WzcSEbNhZAqRmYzgumpYEdz5PjOKO66lHparMUXlbQ2LqKhMrKuNg/LWY3Ncl8nL0h0LWfA==
  dependencies:
    tslib "^2.1.0"

"@material/base@12.0.0-canary.22d29cbb4.0", "@material/base@=12.0.0-canary.22d29cbb4.0":
  version "12.0.0-canary.22d29cbb4.0"
  resolved "https://registry.yarnpkg.com/@material/base/-/base-12.0.0-canary.22d29cbb4.0.tgz#a1d54c0605278ce68a323e60f097f0a0a66e6a88"
  integrity sha512-bCxGPqFQPh3rfBdqG+UvlrnRPSP2CzHhn0f44NqELY/SkmujIfS30rJOX965IKoD6lGdKWIfi/sAm03I81pZ7g==
  dependencies:
    tslib "^2.1.0"

"@material/button@12.0.0-canary.197f64fa2.0":
  version "12.0.0-canary.197f64fa2.0"
  resolved "https://registry.yarnpkg.com/@material/button/-/button-12.0.0-canary.197f64fa2.0.tgz#6e1bdc0cbaa1a6466d8f4e4e1b81046c6bd398c3"
  integrity sha512-prpJxqw1Xf7QmK8PSqvlysxMc7DLKZaUGF1ESs5KqTIojR2TPAH78nNyXBQnK4BX/Ok3RoomdGHY7vg1GXIjOw==
  dependencies:
    "@material/density" "12.0.0-canary.197f64fa2.0"
    "@material/dom" "12.0.0-canary.197f64fa2.0"
    "@material/elevation" "12.0.0-canary.197f64fa2.0"
    "@material/feature-targeting" "12.0.0-canary.197f64fa2.0"
    "@material/ripple" "12.0.0-canary.197f64fa2.0"
    "@material/rtl" "12.0.0-canary.197f64fa2.0"
    "@material/shape" "12.0.0-canary.197f64fa2.0"
    "@material/theme" "12.0.0-canary.197f64fa2.0"
    "@material/touch-target" "12.0.0-canary.197f64fa2.0"
    "@material/typography" "12.0.0-canary.197f64fa2.0"
    tslib "^2.1.0"

"@material/circular-progress@=12.0.0-canary.197f64fa2.0":
  version "12.0.0-canary.197f64fa2.0"
  resolved "https://registry.yarnpkg.com/@material/circular-progress/-/circular-progress-12.0.0-canary.197f64fa2.0.tgz#f9621416213242fc66d995756676f022b577e9f2"
  integrity sha512-Lx5UinNWV8/6yciAWYyZ8T/zgPm0NMEyBqbSEAVivtccsPCjj7zC4QSij4GLH/ceLfXPn1YnjRJMaX4KJQjVkw==
  dependencies:
    "@material/animation" "12.0.0-canary.197f64fa2.0"
    "@material/base" "12.0.0-canary.197f64fa2.0"
    "@material/feature-targeting" "12.0.0-canary.197f64fa2.0"
    "@material/progress-indicator" "12.0.0-canary.197f64fa2.0"
    "@material/theme" "12.0.0-canary.197f64fa2.0"
    tslib "^2.1.0"

"@material/density@12.0.0-canary.197f64fa2.0":
  version "12.0.0-canary.197f64fa2.0"
  resolved "https://registry.yarnpkg.com/@material/density/-/density-12.0.0-canary.197f64fa2.0.tgz#3b9263cd45f3eb793a077847b96af7489620e554"
  integrity sha512-6iTkkLBPh+NgDXmjWiGeRSz0FtdWSDG1JTnpNAsu+4wrvt6xAxEDJPu2A5umqI9mXAyMoeOpSsd6I4f5CcpwVA==
  dependencies:
    tslib "^2.1.0"

"@material/dialog@=12.0.0-canary.197f64fa2.0":
  version "12.0.0-canary.197f64fa2.0"
  resolved "https://registry.yarnpkg.com/@material/dialog/-/dialog-12.0.0-canary.197f64fa2.0.tgz#38d338dea1f0785f9b0f88ab4008441b0aed3b84"
  integrity sha512-9kWNLzr9mv1x/iNYx97YtcV+WIj9EqQDjIzXI3TxUEYdM1jJtQZdvdhTkuNzPjNjRXC0ZRErwA/p/xfxqbjjEQ==
  dependencies:
    "@material/animation" "12.0.0-canary.197f64fa2.0"
    "@material/base" "12.0.0-canary.197f64fa2.0"
    "@material/button" "12.0.0-canary.197f64fa2.0"
    "@material/dom" "12.0.0-canary.197f64fa2.0"
    "@material/elevation" "12.0.0-canary.197f64fa2.0"
    "@material/feature-targeting" "12.0.0-canary.197f64fa2.0"
    "@material/icon-button" "12.0.0-canary.197f64fa2.0"
    "@material/ripple" "12.0.0-canary.197f64fa2.0"
    "@material/rtl" "12.0.0-canary.197f64fa2.0"
    "@material/shape" "12.0.0-canary.197f64fa2.0"
    "@material/theme" "12.0.0-canary.197f64fa2.0"
    "@material/touch-target" "12.0.0-canary.197f64fa2.0"
    "@material/typography" "12.0.0-canary.197f64fa2.0"
    tslib "^2.1.0"

"@material/dom@12.0.0-canary.197f64fa2.0", "@material/dom@=12.0.0-canary.197f64fa2.0":
  version "12.0.0-canary.197f64fa2.0"
  resolved "https://registry.yarnpkg.com/@material/dom/-/dom-12.0.0-canary.197f64fa2.0.tgz#857fcc3646a6ca6cde0ed8f4c0ba12c1bce96da5"
  integrity sha512-uoX4Z0EbrigvHp/M2MzG0S0DNMivTY0U6E0WCiDVo8YrY67NJLSyVJnTpNhtthrCWJInKMcOUJwj73H6/GxX1A==
  dependencies:
    "@material/feature-targeting" "12.0.0-canary.197f64fa2.0"
    tslib "^2.1.0"

"@material/dom@12.0.0-canary.22d29cbb4.0", "@material/dom@=12.0.0-canary.22d29cbb4.0":
  version "12.0.0-canary.22d29cbb4.0"
  resolved "https://registry.yarnpkg.com/@material/dom/-/dom-12.0.0-canary.22d29cbb4.0.tgz#c9926d9fbeb5c165142dcadee934e228726412b1"
  integrity sha512-9XvFE2OuOZizYXF3ptyMcJuN/JHZA4vKq5lPLrIbcTXnd4DzJ7L4JrMcMb75xfjugxj8uaXjdfI62gwHfzP/aw==
  dependencies:
    "@material/feature-targeting" "12.0.0-canary.22d29cbb4.0"
    tslib "^2.1.0"

"@material/elevation@12.0.0-canary.197f64fa2.0":
  version "12.0.0-canary.197f64fa2.0"
  resolved "https://registry.yarnpkg.com/@material/elevation/-/elevation-12.0.0-canary.197f64fa2.0.tgz#ed4b96c453c702731f8116dbf22d2e3d83dd6b38"
  integrity sha512-Ijv5IqfBFT5SrvAdJ+Hkh9IBKM8qN1oND6cIK1bhVyV8WP8OLzeAo2Z1gKIvd3CyP0LqXalPUtjSbugTt3DYug==
  dependencies:
    "@material/animation" "12.0.0-canary.197f64fa2.0"
    "@material/base" "12.0.0-canary.197f64fa2.0"
    "@material/feature-targeting" "12.0.0-canary.197f64fa2.0"
    "@material/theme" "12.0.0-canary.197f64fa2.0"
    tslib "^2.1.0"

"@material/feature-targeting@12.0.0-canary.197f64fa2.0":
  version "12.0.0-canary.197f64fa2.0"
  resolved "https://registry.yarnpkg.com/@material/feature-targeting/-/feature-targeting-12.0.0-canary.197f64fa2.0.tgz#4e55c1664ee8319d352ec98ef2365d7990747f9f"
  integrity sha512-KZoxPbl0iCsESx11bAZ0qeAQJ7eqI6+nBX0T9AaJ5GFELP168uhkINDJX0TvQf5fgTNkEpeQrncJRaFuqHQTMg==
  dependencies:
    tslib "^2.1.0"

"@material/feature-targeting@12.0.0-canary.22d29cbb4.0":
  version "12.0.0-canary.22d29cbb4.0"
  resolved "https://registry.yarnpkg.com/@material/feature-targeting/-/feature-targeting-12.0.0-canary.22d29cbb4.0.tgz#68db5b8a16b673a1eb0c4c74de4954caab334e2e"
  integrity sha512-e72VDSIMrwF5aX4rkQcO1AHewX/ydWOujFtMBk4QD/asyDPKBv+bKwO6f/msM+Wqen8I+DbHC0PH/2K15gQ3pQ==
  dependencies:
    tslib "^2.1.0"

"@material/form-field@=12.0.0-canary.22d29cbb4.0":
  version "12.0.0-canary.22d29cbb4.0"
  resolved "https://registry.yarnpkg.com/@material/form-field/-/form-field-12.0.0-canary.22d29cbb4.0.tgz#f5e6a24de83f84af8e64db5dd84f21d1d2327ee3"
  integrity sha512-wYNyh1RMqEviuWcredWYx8ENEjR1GYdQu/NE9SKlfK7zKsFxF7szwHDd/3cZd7BSYVJUeylveDW+KgXQaW0YpQ==
  dependencies:
    "@material/base" "12.0.0-canary.22d29cbb4.0"
    "@material/feature-targeting" "12.0.0-canary.22d29cbb4.0"
    "@material/ripple" "12.0.0-canary.22d29cbb4.0"
    "@material/rtl" "12.0.0-canary.22d29cbb4.0"
    "@material/theme" "12.0.0-canary.22d29cbb4.0"
    "@material/typography" "12.0.0-canary.22d29cbb4.0"
    tslib "^2.1.0"

"@material/icon-button@12.0.0-canary.197f64fa2.0":
  version "12.0.0-canary.197f64fa2.0"
  resolved "https://registry.yarnpkg.com/@material/icon-button/-/icon-button-12.0.0-canary.197f64fa2.0.tgz#7b0f141096690a3332f2c024cc9fa95cc75503e8"
  integrity sha512-vKxEa4VfYHUVdk/Z+30uz6LYEpi/2w36Bcv6Hg+sCtQDQIW7xhsKoUTjjq0cBcT5c6B4/sW+aY4vO73eywPZJQ==
  dependencies:
    "@material/base" "12.0.0-canary.197f64fa2.0"
    "@material/density" "12.0.0-canary.197f64fa2.0"
    "@material/feature-targeting" "12.0.0-canary.197f64fa2.0"
    "@material/ripple" "12.0.0-canary.197f64fa2.0"
    "@material/rtl" "12.0.0-canary.197f64fa2.0"
    "@material/theme" "12.0.0-canary.197f64fa2.0"
    tslib "^2.1.0"

"@material/linear-progress@=12.0.0-canary.197f64fa2.0":
  version "12.0.0-canary.197f64fa2.0"
  resolved "https://registry.yarnpkg.com/@material/linear-progress/-/linear-progress-12.0.0-canary.197f64fa2.0.tgz#e10619004130f622d72655bbedd3a3256c69f5d5"
  integrity sha512-1NBL4NGLka2Wm6xXXGDsh2+AOwgTFUVAWC/+MvWwMX0OSI1+lVHY3mOADa3G6J8rtMNMXN2vx0WODMtlqI3+/w==
  dependencies:
    "@material/animation" "12.0.0-canary.197f64fa2.0"
    "@material/base" "12.0.0-canary.197f64fa2.0"
    "@material/feature-targeting" "12.0.0-canary.197f64fa2.0"
    "@material/progress-indicator" "12.0.0-canary.197f64fa2.0"
    "@material/rtl" "12.0.0-canary.197f64fa2.0"
    "@material/theme" "12.0.0-canary.197f64fa2.0"
    tslib "^2.1.0"

"@material/list@12.0.0-canary.197f64fa2.0", "@material/list@=12.0.0-canary.197f64fa2.0":
  version "12.0.0-canary.197f64fa2.0"
  resolved "https://registry.yarnpkg.com/@material/list/-/list-12.0.0-canary.197f64fa2.0.tgz#d50efdfd6048f480be79d3e98b18a34a3bcec7f5"
  integrity sha512-EGE/WxZIbNK2fO+RKam4lnAq301fng4nK3tWeIQDRfL2MU8OvnE66Se1KcKUgvRWNUOqOLFgPzJ8U1QFlcJLGQ==
  dependencies:
    "@material/base" "12.0.0-canary.197f64fa2.0"
    "@material/density" "12.0.0-canary.197f64fa2.0"
    "@material/dom" "12.0.0-canary.197f64fa2.0"
    "@material/feature-targeting" "12.0.0-canary.197f64fa2.0"
    "@material/ripple" "12.0.0-canary.197f64fa2.0"
    "@material/rtl" "12.0.0-canary.197f64fa2.0"
    "@material/shape" "12.0.0-canary.197f64fa2.0"
    "@material/theme" "12.0.0-canary.197f64fa2.0"
    "@material/typography" "12.0.0-canary.197f64fa2.0"
    tslib "^2.1.0"

"@material/menu-surface@12.0.0-canary.197f64fa2.0", "@material/menu-surface@=12.0.0-canary.197f64fa2.0":
  version "12.0.0-canary.197f64fa2.0"
  resolved "https://registry.yarnpkg.com/@material/menu-surface/-/menu-surface-12.0.0-canary.197f64fa2.0.tgz#e9a83f0fd5117425fa749d964462b7e1fef8cded"
  integrity sha512-r6OQ85pHqLiECHdUdfpLcFKa6bsjxYGeM8EeuFHFceYMM2UtBP2ewB5gPJeaj2osHZiBBJXITW1I/fc4lSbuPw==
  dependencies:
    "@material/animation" "12.0.0-canary.197f64fa2.0"
    "@material/base" "12.0.0-canary.197f64fa2.0"
    "@material/elevation" "12.0.0-canary.197f64fa2.0"
    "@material/feature-targeting" "12.0.0-canary.197f64fa2.0"
    "@material/rtl" "12.0.0-canary.197f64fa2.0"
    "@material/shape" "12.0.0-canary.197f64fa2.0"
    "@material/theme" "12.0.0-canary.197f64fa2.0"
    tslib "^2.1.0"

"@material/menu@=12.0.0-canary.197f64fa2.0":
  version "12.0.0-canary.197f64fa2.0"
  resolved "https://registry.yarnpkg.com/@material/menu/-/menu-12.0.0-canary.197f64fa2.0.tgz#4790ffc199b5686c16d052b064bb00c9268eb5f9"
  integrity sha512-U0+7fzMdyTPA+Wy3SFnguulGjWSV/N9O1tHSR0t1eZPOGoV7hloNaLlp2j0zohLMiKGlchIpbq1+KW0IqKRPFQ==
  dependencies:
    "@material/base" "12.0.0-canary.197f64fa2.0"
    "@material/dom" "12.0.0-canary.197f64fa2.0"
    "@material/elevation" "12.0.0-canary.197f64fa2.0"
    "@material/feature-targeting" "12.0.0-canary.197f64fa2.0"
    "@material/list" "12.0.0-canary.197f64fa2.0"
    "@material/menu-surface" "12.0.0-canary.197f64fa2.0"
    "@material/ripple" "12.0.0-canary.197f64fa2.0"
    "@material/rtl" "12.0.0-canary.197f64fa2.0"
    "@material/theme" "12.0.0-canary.197f64fa2.0"
    tslib "^2.1.0"

"@material/mwc-base@^0.21.0":
  version "0.21.0"
  resolved "https://registry.yarnpkg.com/@material/mwc-base/-/mwc-base-0.21.0.tgz#8e80884cbfc4c5dc1b8d460bb4037dfdbac84aff"
  integrity sha512-yaXnsgMBtz8NEHLhoA6LNPip/8CWKDOdC6HZAPTBQH+ZnyQ8JvqATGSP0YrkiGg34jNVE8gNrbkI85GzNVKmCA==
  dependencies:
    "@material/base" "=12.0.0-canary.197f64fa2.0"
    "@material/dom" "=12.0.0-canary.197f64fa2.0"
    lit-element "~2.4.0"
    tslib "^2.0.1"

"@material/mwc-base@^0.22.1":
  version "0.22.1"
  resolved "https://registry.yarnpkg.com/@material/mwc-base/-/mwc-base-0.22.1.tgz#43766226f5d13279b1baf370fa7bfa76bbe13b6f"
  integrity sha512-KtQf4lQUoTQuetfhfRbVJhsXVcpX74LP4JI/cLmx+SGbpG+pXXWf6VI2MvZY2UoHVEkldqPHndeuqctBoY7vgg==
  dependencies:
    "@material/base" "=12.0.0-canary.22d29cbb4.0"
    "@material/dom" "=12.0.0-canary.22d29cbb4.0"
    lit-element "^2.5.1"
    tslib "^2.0.1"

"@material/mwc-button@^0.21.0":
  version "0.21.0"
  resolved "https://registry.yarnpkg.com/@material/mwc-button/-/mwc-button-0.21.0.tgz#e7bfdfcd1a55c33e3a8d41b3caad82f53c802c06"
  integrity sha512-nnlBrmKd9MF1880pxoKCXer/toKiUX7dKbZYjBuGLC0uRfW5pdqWro9MPumcigcIkKDJcoNitJDHuH1KCHBl8w==
  dependencies:
    "@material/mwc-icon" "^0.21.0"
    "@material/mwc-ripple" "^0.21.0"
    lit-element "~2.4.0"
    lit-html "^1.1.2"
    tslib "^2.0.1"

"@material/mwc-checkbox@^0.21.0":
  version "0.21.0"
  resolved "https://registry.yarnpkg.com/@material/mwc-checkbox/-/mwc-checkbox-0.21.0.tgz#9063635d10e07647c389bc28acf0f3809f310e63"
  integrity sha512-V+NnRC4uISmN1/X+8Fef42gqbCbq+QTg99ig5iwU+RuPOR+OkYtMH8PHol2SN7GLVJlDV8CPbNDq08Ekv2itCA==
  dependencies:
    "@material/mwc-base" "^0.21.0"
    "@material/mwc-ripple" "^0.21.0"
    lit-element "~2.4.0"
    lit-html "^1.1.2"
    tslib "^2.0.1"

"@material/mwc-circular-progress@^0.21.0":
  version "0.21.0"
  resolved "https://registry.yarnpkg.com/@material/mwc-circular-progress/-/mwc-circular-progress-0.21.0.tgz#f888a755a210a2613a86fc07bc828045064bbff4"
  integrity sha512-x1qSiKzs7p6CDdor0mdlCCX5KAZKS/hf6nrMOmikShevUc7/Wb9ghCjYBrjYG4f7t1ceRn23wrlcIcwgOxB4Gw==
  dependencies:
    "@material/circular-progress" "=12.0.0-canary.197f64fa2.0"
    "@material/mwc-base" "^0.21.0"
    "@material/theme" "=12.0.0-canary.197f64fa2.0"
    lit-element "~2.4.0"
    lit-html "^1.1.2"
    tslib "^2.0.1"

"@material/mwc-dialog@^0.21.0":
  version "0.21.0"
  resolved "https://registry.yarnpkg.com/@material/mwc-dialog/-/mwc-dialog-0.21.0.tgz#b6649609ddf5cdebd66351ad9af94bc7a3225dd6"
  integrity sha512-3ssU6uQ0PXt0vH00QLE4qDCtob7i3SR7sBq1tsdxxB6oNA1mcnzzk/IGAoeHAMy2O/SHGKUCjB7JZnsXEhZPEA==
  dependencies:
    "@material/dialog" "=12.0.0-canary.197f64fa2.0"
    "@material/dom" "=12.0.0-canary.197f64fa2.0"
    "@material/mwc-base" "^0.21.0"
    "@material/mwc-button" "^0.21.0"
    blocking-elements "^0.1.0"
    lit-element "~2.4.0"
    lit-html "^1.1.2"
    tslib "^2.0.1"
    wicg-inert "^3.0.0"

"@material/mwc-formfield@^0.22.1":
  version "0.22.1"
  resolved "https://registry.yarnpkg.com/@material/mwc-formfield/-/mwc-formfield-0.22.1.tgz#aea95e45086d680ff7175a68cf87d9abba755a42"
  integrity sha512-jk8YyX1STjh+HCQOjlEmtr+kVG8Nlkemh9GoVNkJoIH6k7n+WgYcVXoJtfGWJFBkO8kfHziRVeLRPGP8Nt8ErA==
  dependencies:
    "@material/form-field" "=12.0.0-canary.22d29cbb4.0"
    "@material/mwc-base" "^0.22.1"
    lit-element "^2.5.1"
    lit-html "^1.4.1"
    tslib "^2.0.1"

"@material/mwc-icon@^0.21.0":
  version "0.21.0"
  resolved "https://registry.yarnpkg.com/@material/mwc-icon/-/mwc-icon-0.21.0.tgz#e98ade595a7efc687a79383d01cdf0c02fcbb2db"
  integrity sha512-WoyIfN37VgYNYO7YN/fwezalNN4pxekYzUaRMQyK4PiyRpllkVXZI7E7fPl3fozvRi1lOQqsTERE300U/nBSqw==
  dependencies:
    lit-element "~2.4.0"
    tslib "^2.0.1"

"@material/mwc-linear-progress@^0.21.0":
  version "0.21.0"
  resolved "https://registry.yarnpkg.com/@material/mwc-linear-progress/-/mwc-linear-progress-0.21.0.tgz#c1cf891e677f5f65804ba3e8bc3c650bc6570455"
  integrity sha512-BLE2AtOgkvsBQ6oCsXmcWh5TlQUIaDgKWYiYZKGMxGcQckEFx7NulZNk8bC1XwAOX0b0WcscspSwE0ue5FT66A==
  dependencies:
    "@material/linear-progress" "=12.0.0-canary.197f64fa2.0"
    "@material/theme" "=12.0.0-canary.197f64fa2.0"
    lit-element "~2.4.0"
    lit-html "^1.1.2"
    tslib "^2.0.1"

"@material/mwc-list@^0.21.0":
  version "0.21.0"
  resolved "https://registry.yarnpkg.com/@material/mwc-list/-/mwc-list-0.21.0.tgz#7e3180cd9400e753c8429a19d1a1cb050ec51635"
  integrity sha512-GaSJ4GAowMdka41j8A7BV5q2LM4r8HQazTcqxQlmBjupouwbLtQdYQVzkuU6egRF3xmpsF+qJPO3ZCMNR+XJlg==
  dependencies:
    "@material/base" "=12.0.0-canary.197f64fa2.0"
    "@material/dom" "=12.0.0-canary.197f64fa2.0"
    "@material/list" "=12.0.0-canary.197f64fa2.0"
    "@material/mwc-base" "^0.21.0"
    "@material/mwc-checkbox" "^0.21.0"
    "@material/mwc-radio" "^0.21.0"
    "@material/mwc-ripple" "^0.21.0"
    lit-element "~2.4.0"
    lit-html "^1.1.2"
    tslib "^2.0.1"

"@material/mwc-menu@^0.21.0":
  version "0.21.0"
  resolved "https://registry.yarnpkg.com/@material/mwc-menu/-/mwc-menu-0.21.0.tgz#a71d11aea5760f123af0a2a62fa305b1149e9fd6"
  integrity sha512-dWYA1dFkdjvlVi6f+IbH8ItJZRj3fVFCqnoz2bKWn3eRE5W68aFenXCooRzW3MHBxUDBlyi9+2Scrbtoazap6A==
  dependencies:
    "@material/menu" "=12.0.0-canary.197f64fa2.0"
    "@material/menu-surface" "=12.0.0-canary.197f64fa2.0"
    "@material/mwc-base" "^0.21.0"
    "@material/mwc-list" "^0.21.0"
    "@material/shape" "=12.0.0-canary.197f64fa2.0"
    "@material/theme" "=12.0.0-canary.197f64fa2.0"
    lit-element "~2.4.0"
    lit-html "^1.1.2"
    tslib "^2.0.1"

"@material/mwc-radio@^0.21.0":
  version "0.21.0"
  resolved "https://registry.yarnpkg.com/@material/mwc-radio/-/mwc-radio-0.21.0.tgz#1a5daa3a8dea3b81c8b833bfa5151d49c012e388"
  integrity sha512-/2QIuEC+h2wvlIvMiLw5fjrOVu/uwyIDwl8NIFqYayWN9nvxIgRlPwEKTdF77k/b2bjwk/yDV4azQO1z7lH38g==
  dependencies:
    "@material/mwc-base" "^0.21.0"
    "@material/mwc-ripple" "^0.21.0"
    "@material/radio" "=12.0.0-canary.197f64fa2.0"
    lit-element "~2.4.0"
    tslib "^2.0.1"

"@material/mwc-ripple@^0.21.0":
  version "0.21.0"
  resolved "https://registry.yarnpkg.com/@material/mwc-ripple/-/mwc-ripple-0.21.0.tgz#f58290cd9e40e2fcd1c54fce1d766df19fec73d5"
  integrity sha512-4UnUmtEBGJ9qH+bqUz7ydwt3G0sjtqUDujz2d5EFn5Iv6ddo1btcbRCWMm80oKSE4tevfTUMW0+3hlaAqrx8fg==
  dependencies:
    "@material/dom" "=12.0.0-canary.197f64fa2.0"
    "@material/mwc-base" "^0.21.0"
    "@material/ripple" "=12.0.0-canary.197f64fa2.0"
    lit-element "~2.4.0"
    lit-html "^1.1.2"
    tslib "^2.0.1"

"@material/progress-indicator@12.0.0-canary.197f64fa2.0":
  version "12.0.0-canary.197f64fa2.0"
  resolved "https://registry.yarnpkg.com/@material/progress-indicator/-/progress-indicator-12.0.0-canary.197f64fa2.0.tgz#b4964a462c48623c26e650eae3abacf757dc955c"
  integrity sha512-w/1xgJ06eK29fVpmNNLE9kpYD8GDKd4mRmQ5qCOmSgRRsy4GejyRtl/Cow3UAmRR94NjDWpV/6yKyZ2hc0ACYA==
  dependencies:
    tslib "^2.1.0"

"@material/radio@=12.0.0-canary.197f64fa2.0":
  version "12.0.0-canary.197f64fa2.0"
  resolved "https://registry.yarnpkg.com/@material/radio/-/radio-12.0.0-canary.197f64fa2.0.tgz#dda3ee55e0f901bcd0c5b9af46bf3cbe52fc59ea"
  integrity sha512-ZPD8oMsZWqIFVmBUvwWPqR3XQq62L8sLDU4frGIDe6+yY0vBPGISJac+3ribN8PMdQ/UNojLuV4q3WsHyB4tFQ==
  dependencies:
    "@material/animation" "12.0.0-canary.197f64fa2.0"
    "@material/base" "12.0.0-canary.197f64fa2.0"
    "@material/density" "12.0.0-canary.197f64fa2.0"
    "@material/dom" "12.0.0-canary.197f64fa2.0"
    "@material/feature-targeting" "12.0.0-canary.197f64fa2.0"
    "@material/ripple" "12.0.0-canary.197f64fa2.0"
    "@material/theme" "12.0.0-canary.197f64fa2.0"
    "@material/touch-target" "12.0.0-canary.197f64fa2.0"
    tslib "^2.1.0"

"@material/ripple@12.0.0-canary.197f64fa2.0", "@material/ripple@=12.0.0-canary.197f64fa2.0":
  version "12.0.0-canary.197f64fa2.0"
  resolved "https://registry.yarnpkg.com/@material/ripple/-/ripple-12.0.0-canary.197f64fa2.0.tgz#c3e96d42404111b12ea04eb72e20c39a3c162613"
  integrity sha512-KnwaJ4tb83uATp8dPePSeairxfLKpOhFjAwIqNUAuM2oxMGHQU4F6TU1lNuoH9J4gy+yK3uwmtCqMbQYe265MA==
  dependencies:
    "@material/animation" "12.0.0-canary.197f64fa2.0"
    "@material/base" "12.0.0-canary.197f64fa2.0"
    "@material/dom" "12.0.0-canary.197f64fa2.0"
    "@material/feature-targeting" "12.0.0-canary.197f64fa2.0"
    "@material/theme" "12.0.0-canary.197f64fa2.0"
    tslib "^2.1.0"

"@material/ripple@12.0.0-canary.22d29cbb4.0":
  version "12.0.0-canary.22d29cbb4.0"
  resolved "https://registry.yarnpkg.com/@material/ripple/-/ripple-12.0.0-canary.22d29cbb4.0.tgz#9cc50929c66841691e35ac603168a83ef176af6e"
  integrity sha512-IzBtXi4EWx27Hkfd5Zkx/MrZAXJZe0AAQCo37Etl/af0/aJPIOyCOdHQiwoK2FqRH71pmNfUGrUWOeUxFyaSdw==
  dependencies:
    "@material/animation" "12.0.0-canary.22d29cbb4.0"
    "@material/base" "12.0.0-canary.22d29cbb4.0"
    "@material/dom" "12.0.0-canary.22d29cbb4.0"
    "@material/feature-targeting" "12.0.0-canary.22d29cbb4.0"
    "@material/theme" "12.0.0-canary.22d29cbb4.0"
    tslib "^2.1.0"

"@material/rtl@12.0.0-canary.197f64fa2.0":
  version "12.0.0-canary.197f64fa2.0"
  resolved "https://registry.yarnpkg.com/@material/rtl/-/rtl-12.0.0-canary.197f64fa2.0.tgz#4d4d8b54867a7fd9eb6f0cc002d25bd2750ba0bc"
  integrity sha512-pW9qIPdUhNWKQPjXU2P97BfHiKH9nR3bCGmr1LYj1f7vEZL2zsnNPvsOh3I+BJgtxXLp6eqshv/daGF5Juufsg==
  dependencies:
    "@material/theme" "12.0.0-canary.197f64fa2.0"
    tslib "^2.1.0"

"@material/rtl@12.0.0-canary.22d29cbb4.0":
  version "12.0.0-canary.22d29cbb4.0"
  resolved "https://registry.yarnpkg.com/@material/rtl/-/rtl-12.0.0-canary.22d29cbb4.0.tgz#589593c59ca384caf2ac16892d55a9e19d7759ea"
  integrity sha512-R7u7w5U+mvRwsj15tpf/CbALs3FrGVidsTkv8C1uZDK1ae490De8HSe839lcFcXmM8c/PFSx5B3rKyQG2AyraQ==
  dependencies:
    "@material/theme" "12.0.0-canary.22d29cbb4.0"
    tslib "^2.1.0"

"@material/shape@12.0.0-canary.197f64fa2.0", "@material/shape@=12.0.0-canary.197f64fa2.0":
  version "12.0.0-canary.197f64fa2.0"
  resolved "https://registry.yarnpkg.com/@material/shape/-/shape-12.0.0-canary.197f64fa2.0.tgz#76b01b497e478ec8f115681abef8dd6acc3f8891"
  integrity sha512-oeA8A1EhSf6XjSidDpd05wvCO16LpL1nl7Ba00OnSR4tgRza/bNMQ5snOCDOHbOlGKojXI78KqUKX5hTjojnQA==
  dependencies:
    "@material/feature-targeting" "12.0.0-canary.197f64fa2.0"
    "@material/rtl" "12.0.0-canary.197f64fa2.0"
    "@material/theme" "12.0.0-canary.197f64fa2.0"
    tslib "^2.1.0"

"@material/theme@12.0.0-canary.197f64fa2.0", "@material/theme@=12.0.0-canary.197f64fa2.0":
  version "12.0.0-canary.197f64fa2.0"
  resolved "https://registry.yarnpkg.com/@material/theme/-/theme-12.0.0-canary.197f64fa2.0.tgz#2443874251a0cd827a8829e55eb792a366400508"
  integrity sha512-7juM8i8nU1LfQjmknAi8OdUwg+Db2XYL9LBQNyQ0pib/WguuydLCwqZWckGGClBsyenn7MLCwIn//GtB5YO1eg==
  dependencies:
    "@material/feature-targeting" "12.0.0-canary.197f64fa2.0"
    tslib "^2.1.0"

"@material/theme@12.0.0-canary.22d29cbb4.0":
  version "12.0.0-canary.22d29cbb4.0"
  resolved "https://registry.yarnpkg.com/@material/theme/-/theme-12.0.0-canary.22d29cbb4.0.tgz#a99ff4e33ffb72ec1ac616de31533da02881d278"
  integrity sha512-r4xYCgc+CrbvDxCINVqXwAFWQ1WgV3s2+bUse/2iw53YqyemhhtzFjfp+DXLdC4zJSOuObWC45eaDKeseLMGMw==
  dependencies:
    "@material/feature-targeting" "12.0.0-canary.22d29cbb4.0"
    tslib "^2.1.0"

"@material/touch-target@12.0.0-canary.197f64fa2.0":
  version "12.0.0-canary.197f64fa2.0"
  resolved "https://registry.yarnpkg.com/@material/touch-target/-/touch-target-12.0.0-canary.197f64fa2.0.tgz#e44ad9e238449e82af2a66d1926c92bc9b227587"
  integrity sha512-39N1C7jKQwmb2pZyjyJtZDh/uDrZskGqiVi5V5MdBaYLO3V+juWOB+1NdTqEMeCZNz1er210Uf3bFo42dF4BuA==
  dependencies:
    "@material/base" "12.0.0-canary.197f64fa2.0"
    "@material/feature-targeting" "12.0.0-canary.197f64fa2.0"
    tslib "^2.1.0"

"@material/typography@12.0.0-canary.197f64fa2.0":
  version "12.0.0-canary.197f64fa2.0"
  resolved "https://registry.yarnpkg.com/@material/typography/-/typography-12.0.0-canary.197f64fa2.0.tgz#54e6d412a6b55f7d2db2999f2fe6b3850939defe"
  integrity sha512-Yj9FH5UwXzJxci7a0zpToVnlqZBn11+Pi27YkmzqviAPHB6bsVg1UOQF9xMjZ7rNsjvK0SLtfeBIJ7rEsIxVjg==
  dependencies:
    "@material/feature-targeting" "12.0.0-canary.197f64fa2.0"
    "@material/theme" "12.0.0-canary.197f64fa2.0"
    tslib "^2.1.0"

"@material/typography@12.0.0-canary.22d29cbb4.0":
  version "12.0.0-canary.22d29cbb4.0"
  resolved "https://registry.yarnpkg.com/@material/typography/-/typography-12.0.0-canary.22d29cbb4.0.tgz#cb858a4cca6dcb12111f9e77a3f6711b30f3a4d3"
  integrity sha512-lIzU4IFjaSfVRbhsabTiri8CD+fEe9/DaGpoDm89sHm7b8RbN1+m+7OrePICcWgWFo2swRndph8qhzh7gTYdew==
  dependencies:
    "@material/feature-targeting" "12.0.0-canary.22d29cbb4.0"
    "@material/theme" "12.0.0-canary.22d29cbb4.0"
    tslib "^2.1.0"

"@types/trusted-types@^2.0.2":
  version "2.0.3"
  resolved "https://registry.yarnpkg.com/@types/trusted-types/-/trusted-types-2.0.3.tgz#a136f83b0758698df454e328759dbd3d44555311"
  integrity sha512-NfQ4gyz38SL8sDNrSixxU2Os1a5xcdFxipAFxYEuLUlvU2uDwS4NUpsImcf1//SlWItCVMMLiylsxbmNMToV/g==

blocking-elements@^0.1.0:
  version "0.1.1"
  resolved "https://registry.yarnpkg.com/blocking-elements/-/blocking-elements-0.1.1.tgz#6acddbe2714a029a1774e9219bcf38736e07ded3"
  integrity sha512-/SLWbEzMoVIMZACCyhD/4Ya2M1PWP1qMKuiymowPcI+PdWDARqeARBjhj73kbUBCxEmTZCUu5TAqxtwUO9C1Ig==

dayjs@^1.10.7:
  version "1.11.7"
  resolved "https://registry.yarnpkg.com/dayjs/-/dayjs-1.11.7.tgz#4b296922642f70999544d1144a2c25730fce63e2"
  integrity sha512-+Yw9U6YO5TQohxLcIkrXBeY73WP3ejHWVvx8XCk3gxvQDCTEmS48ZrSZCKciI7Bhl/uCMyxYtE9UqRILmFphkQ==

lit-element@^2.5.1:
  version "2.5.1"
  resolved "https://registry.yarnpkg.com/lit-element/-/lit-element-2.5.1.tgz#3fa74b121a6cd22902409ae3859b7847d01aa6b6"
  integrity sha512-ogu7PiJTA33bEK0xGu1dmaX5vhcRjBXCFexPja0e7P7jqLhTpNKYRPmE+GmiCaRVAbiQKGkUgkh/i6+bh++dPQ==
  dependencies:
    lit-html "^1.1.1"

lit-element@^3.3.0:
  version "3.3.2"
  resolved "https://registry.yarnpkg.com/lit-element/-/lit-element-3.3.2.tgz#9913bf220b85065f0e5f1bb8878cc44f36b50cfa"
  integrity sha512-xXAeVWKGr4/njq0rGC9dethMnYCq5hpKYrgQZYTzawt9YQhMiXfD+T1RgrdY3NamOxwq2aXlb0vOI6e29CKgVQ==
  dependencies:
    "@lit-labs/ssr-dom-shim" "^1.1.0"
    "@lit/reactive-element" "^1.3.0"
    lit-html "^2.7.0"

lit-element@~2.4.0:
  version "2.4.0"
  resolved "https://registry.yarnpkg.com/lit-element/-/lit-element-2.4.0.tgz#b22607a037a8fc08f5a80736dddf7f3f5d401452"
  integrity sha512-pBGLglxyhq/Prk2H91nA0KByq/hx/wssJBQFiYqXhGDvEnY31PRGYf1RglVzyLeRysu0IHm2K0P196uLLWmwFg==
  dependencies:
    lit-html "^1.1.1"

lit-html@^1.1.1, lit-html@^1.1.2, lit-html@^1.4.1:
  version "1.4.1"
  resolved "https://registry.yarnpkg.com/lit-html/-/lit-html-1.4.1.tgz#0c6f3ee4ad4eb610a49831787f0478ad8e9ae5e0"
  integrity sha512-B9btcSgPYb1q4oSOb/PrOT6Z/H+r6xuNzfH4lFli/AWhYwdtrgQkQWBbIc6mdnf6E2IL3gDXdkkqNktpU0OZQA==

lit-html@^2.7.0:
  version "2.7.4"
  resolved "https://registry.yarnpkg.com/lit-html/-/lit-html-2.7.4.tgz#6d75001977c206683685b9d76594a516afda2954"
  integrity sha512-/Jw+FBpeEN+z8X6PJva5n7+0MzCVAH2yypN99qHYYkq8bI+j7I39GH+68Z/MZD6rGKDK9RpzBw7CocfmHfq6+g==
  dependencies:
    "@types/trusted-types" "^2.0.2"

lit@^2.5.0:
  version "2.7.4"
  resolved "https://registry.yarnpkg.com/lit/-/lit-2.7.4.tgz#ca63d27fda178dbffae0faf2c882b9910e40842c"
  integrity sha512-cgD7xrZoYr21mbrkZIuIrj98YTMw/snJPg52deWVV4A8icLyNHI3bF70xsJeAgwTuiq5Kkd+ZR8gybSJDCPB7g==
  dependencies:
    "@lit/reactive-element" "^1.6.0"
    lit-element "^3.3.0"
    lit-html "^2.7.0"

tslib@^2.0.1, tslib@^2.1.0:
  version "2.5.2"
  resolved "https://registry.yarnpkg.com/tslib/-/tslib-2.5.2.tgz#1b6f07185c881557b0ffa84b111a0106989e8338"
  integrity sha512-5svOrSA2w3iGFDs1HibEVBGbDrAY82bFQ3HZ3ixB+88nsbsWQoKqDRb5UBYAUPEzbBn6dAp5gRNXglySbx1MlA==

wicg-inert@^3.0.0:
  version "3.1.2"
  resolved "https://registry.yarnpkg.com/wicg-inert/-/wicg-inert-3.1.2.tgz#df10cf756b773a96fce107c3ddcd43be5d1e3944"
  integrity sha512-Ba9tGNYxXwaqKEi9sJJvPMKuo063umUPsHN0JJsjrs2j8KDSzkWLMZGZ+MH1Jf1Fq4OWZ5HsESJID6nRza2ang==
